
Microsoft Visual Studio Solution File, Format Version 12.00
# Visual Studio Version 16
VisualStudioVersion = 16.0.30611.23
MinimumVisualStudioVersion = 10.0.40219.1
Project("{FAE04EC0-301F-11D3-BF4B-00C04F79EFBC}") = "LAB6Soft", "LAB6Soft.csproj", "{10E8DF8A-F64C-46E8-A308-C90D0DF05816}"
EndProject
Global
	GlobalSection(SolutionConfigurationPlatforms) = preSolution
		Debug|Any CPU = Debug|Any CPU
		Release|Any CPU = Release|Any CPU
	EndGlobalSection
	GlobalSection(ProjectConfigurationPlatforms) = postSolution
		{10E8DF8A-F64C-46E8-A308-C90D0DF05816}.Debug|Any CPU.ActiveCfg = Debug|Any CPU
		{10E8DF8A-F64C-46E8-A308-C90D0DF05816}.Debug|Any CPU.Build.0 = Debug|Any CPU
		{10E8DF8A-F64C-46E8-A308-C90D0DF05816}.Release|Any CPU.ActiveCfg = Release|Any CPU
		{10E8DF8A-F64C-46E8-A308-C90D0DF05816}.Release|Any CPU.Build.0 = Release|Any CPU
	EndGlobalSection
	GlobalSection(SolutionProperties) = preSolution
		HideSolutionNode = FALSE
	EndGlobalSection
	GlobalSection(ExtensibilityGlobals) = postSolution
		SolutionGuid = {78BFCFFF-0059-413D-BC59-4C080F47D0E2}
	EndGlobalSection
EndGlobal
